
Microsoft Visual Studio Solution File, Format Version 12.00
# Visual Studio Version 16
VisualStudioVersion = 16.0.30225.117
MinimumVisualStudioVersion = 10.0.40219.1
Project("{FAE04EC0-301F-11D3-BF4B-00C04F79EFBC}") = "CSharpEx01-Tyra", "CSharpEx01-Tyra.csproj", "{F192A00F-2EBC-4478-8333-6625B7D1E32B}"
EndProject
Global
	GlobalSection(SolutionConfigurationPlatforms) = preSolution
		Debug|Any CPU = Debug|Any CPU
		Release|Any CPU = Release|Any CPU
	EndGlobalSection
	GlobalSection(ProjectConfigurationPlatforms) = postSolution
		{F192A00F-2EBC-4478-8333-6625B7D1E32B}.Debug|Any CPU.ActiveCfg = Debug|Any CPU
		{F192A00F-2EBC-4478-8333-6625B7D1E32B}.Debug|Any CPU.Build.0 = Debug|Any CPU
		{F192A00F-2EBC-4478-8333-6625B7D1E32B}.Release|Any CPU.ActiveCfg = Release|Any CPU
		{F192A00F-2EBC-4478-8333-6625B7D1E32B}.Release|Any CPU.Build.0 = Release|Any CPU
	EndGlobalSection
	GlobalSection(SolutionProperties) = preSolution
		HideSolutionNode = FALSE
	EndGlobalSection
	GlobalSection(ExtensibilityGlobals) = postSolution
		SolutionGuid = {4D664234-1722-4AC5-BBA9-DDBE8CCE670F}
	EndGlobalSection
EndGlobal
