
Microsoft Visual Studio Solution File, Format Version 12.00
# Visual Studio Version 16
VisualStudioVersion = 16.0.30225.117
MinimumVisualStudioVersion = 10.0.40219.1
Project("{FAE04EC0-301F-11D3-BF4B-00C04F79EFBC}") = "Quiz 05", "Quiz 05.csproj", "{A6680328-DDCF-4065-A22F-1604D11C95A3}"
EndProject
Global
	GlobalSection(SolutionConfigurationPlatforms) = preSolution
		Debug|Any CPU = Debug|Any CPU
		Release|Any CPU = Release|Any CPU
	EndGlobalSection
	GlobalSection(ProjectConfigurationPlatforms) = postSolution
		{A6680328-DDCF-4065-A22F-1604D11C95A3}.Debug|Any CPU.ActiveCfg = Debug|Any CPU
		{A6680328-DDCF-4065-A22F-1604D11C95A3}.Debug|Any CPU.Build.0 = Debug|Any CPU
		{A6680328-DDCF-4065-A22F-1604D11C95A3}.Release|Any CPU.ActiveCfg = Release|Any CPU
		{A6680328-DDCF-4065-A22F-1604D11C95A3}.Release|Any CPU.Build.0 = Release|Any CPU
	EndGlobalSection
	GlobalSection(SolutionProperties) = preSolution
		HideSolutionNode = FALSE
	EndGlobalSection
	GlobalSection(ExtensibilityGlobals) = postSolution
		SolutionGuid = {7CF25551-FE5C-4ED7-8BA0-0F1718778A39}
	EndGlobalSection
EndGlobal
