
Microsoft Visual Studio Solution File, Format Version 12.00
# Visual Studio Version 16
VisualStudioVersion = 16.0.30225.117
MinimumVisualStudioVersion = 10.0.40219.1
Project("{FAE04EC0-301F-11D3-BF4B-00C04F79EFBC}") = "Programming-Ex06", "Programming-Ex06.csproj", "{FA5C8036-0DA7-4BA1-87DC-88FA1D0B40EA}"
EndProject
Global
	GlobalSection(SolutionConfigurationPlatforms) = preSolution
		Debug|Any CPU = Debug|Any CPU
		Release|Any CPU = Release|Any CPU
	EndGlobalSection
	GlobalSection(ProjectConfigurationPlatforms) = postSolution
		{FA5C8036-0DA7-4BA1-87DC-88FA1D0B40EA}.Debug|Any CPU.ActiveCfg = Debug|Any CPU
		{FA5C8036-0DA7-4BA1-87DC-88FA1D0B40EA}.Debug|Any CPU.Build.0 = Debug|Any CPU
		{FA5C8036-0DA7-4BA1-87DC-88FA1D0B40EA}.Release|Any CPU.ActiveCfg = Release|Any CPU
		{FA5C8036-0DA7-4BA1-87DC-88FA1D0B40EA}.Release|Any CPU.Build.0 = Release|Any CPU
	EndGlobalSection
	GlobalSection(SolutionProperties) = preSolution
		HideSolutionNode = FALSE
	EndGlobalSection
	GlobalSection(ExtensibilityGlobals) = postSolution
		SolutionGuid = {82885AA7-A423-4ED7-9EF4-14F890C285CB}
	EndGlobalSection
EndGlobal
